
Microsoft Visual Studio Solution File, Format Version 12.00
# Visual Studio Version 17
VisualStudioVersion = 17.4.33403.182
MinimumVisualStudioVersion = 10.0.40219.1
Project("{FAE04EC0-301F-11D3-BF4B-00C04F79EFBC}") = "Sudoku", "Sudoku\Sudoku.csproj", "{86208E50-6E9E-41B1-B148-23FD5B9C3D4F}"
EndProject
Global
	GlobalSection(SolutionConfigurationPlatforms) = preSolution
		Debug|Any CPU = Debug|Any CPU
		Release|Any CPU = Release|Any CPU
	EndGlobalSection
	GlobalSection(ProjectConfigurationPlatforms) = postSolution
		{86208E50-6E9E-41B1-B148-23FD5B9C3D4F}.Debug|Any CPU.ActiveCfg = Debug|Any CPU
		{86208E50-6E9E-41B1-B148-23FD5B9C3D4F}.Debug|Any CPU.Build.0 = Debug|Any CPU
		{86208E50-6E9E-41B1-B148-23FD5B9C3D4F}.Release|Any CPU.ActiveCfg = Release|Any CPU
		{86208E50-6E9E-41B1-B148-23FD5B9C3D4F}.Release|Any CPU.Build.0 = Release|Any CPU
	EndGlobalSection
	GlobalSection(SolutionProperties) = preSolution
		HideSolutionNode = FALSE
	EndGlobalSection
	GlobalSection(ExtensibilityGlobals) = postSolution
		SolutionGuid = {42AEC58D-5969-4C53-AE5A-14A4D6AD97E5}
	EndGlobalSection
EndGlobal
